
Microsoft Visual Studio Solution File, Format Version 12.00
# Visual Studio Version 16
VisualStudioVersion = 16.0.31424.327
MinimumVisualStudioVersion = 10.0.40219.1
Project("{F184B08F-C81C-45F6-A57F-5ABD9991F28F}") = "StudentRepSystem", "StudentRepSystem.vbproj", "{9DD5683E-B058-417F-9CDC-7A2D7A78F0D3}"
EndProject
Global
	GlobalSection(SolutionConfigurationPlatforms) = preSolution
		Debug|Any CPU = Debug|Any CPU
		Release|Any CPU = Release|Any CPU
	EndGlobalSection
	GlobalSection(ProjectConfigurationPlatforms) = postSolution
		{9DD5683E-B058-417F-9CDC-7A2D7A78F0D3}.Debug|Any CPU.ActiveCfg = Debug|Any CPU
		{9DD5683E-B058-417F-9CDC-7A2D7A78F0D3}.Debug|Any CPU.Build.0 = Debug|Any CPU
		{9DD5683E-B058-417F-9CDC-7A2D7A78F0D3}.Release|Any CPU.ActiveCfg = Release|Any CPU
		{9DD5683E-B058-417F-9CDC-7A2D7A78F0D3}.Release|Any CPU.Build.0 = Release|Any CPU
	EndGlobalSection
	GlobalSection(SolutionProperties) = preSolution
		HideSolutionNode = FALSE
	EndGlobalSection
	GlobalSection(ExtensibilityGlobals) = postSolution
		SolutionGuid = {DD50BE9F-6417-43C7-91D5-4838ECBD6F15}
	EndGlobalSection
EndGlobal
